
Microsoft Visual Studio Solution File, Format Version 12.00
# Visual Studio 2013
VisualStudioVersion = 12.0.30110.0
MinimumVisualStudioVersion = 10.0.40219.1
Project("{68F20062-9047-4580-A9D2-0BC58FDE846E}") = "demo", "demo.vcxproj", "{C14FC137-9301-4F78-99E3-B368EEEDB139}"
EndProject
Global
	GlobalSection(SolutionConfigurationPlatforms) = preSolution
		Debug|Win32 = Debug|Win32
		Release|Win32 = Release|Win32
	EndGlobalSection
	GlobalSection(ProjectConfigurationPlatforms) = postSolution
		{C14FC137-9301-4F78-99E3-B368EEEDB139}.Debug|Win32.ActiveCfg = Debug|Win32
		{C14FC137-9301-4F78-99E3-B368EEEDB139}.Debug|Win32.Build.0 = Debug|Win32
		{C14FC137-9301-4F78-99E3-B368EEEDB139}.Release|Win32.ActiveCfg = Release|Win32
		{C14FC137-9301-4F78-99E3-B368EEEDB139}.Release|Win32.Build.0 = Release|Win32
	EndGlobalSection
	GlobalSection(SolutionProperties) = preSolution
		HideSolutionNode = FALSE
	EndGlobalSection
EndGlobal
